// !$*UTF8*$!
{
	archiveVersion = 1;
	classes = {
	};
	objectVersion = 46;
	objects = {

/* Begin PBXBuildFile section */
		4C2F1B3A1624102000F8ADA4 /* UIKit.framework in Frameworks */ = {isa = PBXBuildFile; fileRef = 4C4C4F101622FF19004CEBFC /* UIKit.framework */; };
		4C3D44C71622F06D00321BA3 /* Foundation.framework in Frameworks */ = {isa = PBXBuildFile; fileRef = 4C3D44C61622F06D00321BA3 /* Foundation.framework */; };
		4C3D44CC1622F06D00321BA3 /* YandexMapKitRoute.h in CopyFiles */ = {isa = PBXBuildFile; fileRef = 4C3D44CB1622F06D00321BA3 /* YandexMapKitRoute.h */; };
		4C3D44CE1622F06D00321BA3 /* YandexMapKitRoute.m in Sources */ = {isa = PBXBuildFile; fileRef = 4C3D44CD1622F06D00321BA3 /* YandexMapKitRoute.m */; };
		4C3D44D61622F06D00321BA3 /* SenTestingKit.framework in Frameworks */ = {isa = PBXBuildFile; fileRef = 4C3D44D51622F06D00321BA3 /* SenTestingKit.framework */; };
		4C3D44D91622F06D00321BA3 /* Foundation.framework in Frameworks */ = {isa = PBXBuildFile; fileRef = 4C3D44C61622F06D00321BA3 /* Foundation.framework */; };
		4C3D44DC1622F06D00321BA3 /* libYandexMapKitRoute.a in Frameworks */ = {isa = PBXBuildFile; fileRef = 4C3D44C31622F06D00321BA3 /* libYandexMapKitRoute.a */; };
		4C3D44E21622F06D00321BA3 /* InfoPlist.strings in Resources */ = {isa = PBXBuildFile; fileRef = 4C3D44E01622F06D00321BA3 /* InfoPlist.strings */; };
		4C3D44E51622F06D00321BA3 /* YandexMapKitRouteTests.m in Sources */ = {isa = PBXBuildFile; fileRef = 4C3D44E41622F06D00321BA3 /* YandexMapKitRouteTests.m */; };
		4C4C4F111622FF19004CEBFC /* UIKit.framework in Frameworks */ = {isa = PBXBuildFile; fileRef = 4C4C4F101622FF19004CEBFC /* UIKit.framework */; };
		4C5FE385162580F500028E1B /* YandexMapKitRouteDelegate.m in Sources */ = {isa = PBXBuildFile; fileRef = 4C5FE384162580F400028E1B /* YandexMapKitRouteDelegate.m */; };
		4C5FE38D162587C800028E1B /* YandexBase64.m in Sources */ = {isa = PBXBuildFile; fileRef = 4C74249C162308BA00AAF6C7 /* YandexBase64.m */; };
/* End PBXBuildFile section */

/* Begin PBXContainerItemProxy section */
		4C3D44DA1622F06D00321BA3 /* PBXContainerItemProxy */ = {
			isa = PBXContainerItemProxy;
			containerPortal = 4C3D44BA1622F06D00321BA3 /* Project object */;
			proxyType = 1;
			remoteGlobalIDString = 4C3D44C21622F06D00321BA3;
			remoteInfo = YandexMapKitRoute;
		};
/* End PBXContainerItemProxy section */

/* Begin PBXCopyFilesBuildPhase section */
		4C3D44C11622F06D00321BA3 /* CopyFiles */ = {
			isa = PBXCopyFilesBuildPhase;
			buildActionMask = 2147483647;
			dstPath = "include/${PRODUCT_NAME}";
			dstSubfolderSpec = 16;
			files = (
				4C3D44CC1622F06D00321BA3 /* YandexMapKitRoute.h in CopyFiles */,
			);
			runOnlyForDeploymentPostprocessing = 0;
		};
/* End PBXCopyFilesBuildPhase section */

/* Begin PBXFileReference section */
		403141CD2ADB7DB0EDC1C717 /* .gitignore */ = {isa = PBXFileReference; lastKnownFileType = file.gitignore; path = .gitignore; sourceTree = "<group>"; };
		4C3D44C31622F06D00321BA3 /* libYandexMapKitRoute.a */ = {isa = PBXFileReference; explicitFileType = archive.ar; includeInIndex = 0; path = libYandexMapKitRoute.a; sourceTree = BUILT_PRODUCTS_DIR; };
		4C3D44C61622F06D00321BA3 /* Foundation.framework */ = {isa = PBXFileReference; lastKnownFileType = wrapper.framework; name = Foundation.framework; path = System/Library/Frameworks/Foundation.framework; sourceTree = SDKROOT; };
		4C3D44CA1622F06D00321BA3 /* YandexMapKitRoute-Prefix.pch */ = {isa = PBXFileReference; lastKnownFileType = sourcecode.c.h; name = "YandexMapKitRoute-Prefix.pch"; path = "YandexMapKitRoute/YandexMapKitRoute-Prefix.pch"; sourceTree = SOURCE_ROOT; };
		4C3D44CB1622F06D00321BA3 /* YandexMapKitRoute.h */ = {isa = PBXFileReference; lastKnownFileType = sourcecode.c.h; name = YandexMapKitRoute.h; path = YandexMapKitRoute/YandexMapKitRoute.h; sourceTree = SOURCE_ROOT; };
		4C3D44CD1622F06D00321BA3 /* YandexMapKitRoute.m */ = {isa = PBXFileReference; lastKnownFileType = sourcecode.c.objc; name = YandexMapKitRoute.m; path = YandexMapKitRoute/YandexMapKitRoute.m; sourceTree = SOURCE_ROOT; };
		4C3D44D41622F06D00321BA3 /* YandexMapKitRouteTests.octest */ = {isa = PBXFileReference; explicitFileType = wrapper.cfbundle; includeInIndex = 0; path = YandexMapKitRouteTests.octest; sourceTree = BUILT_PRODUCTS_DIR; };
		4C3D44D51622F06D00321BA3 /* SenTestingKit.framework */ = {isa = PBXFileReference; lastKnownFileType = wrapper.framework; name = SenTestingKit.framework; path = Library/Frameworks/SenTestingKit.framework; sourceTree = DEVELOPER_DIR; };
		4C3D44DF1622F06D00321BA3 /* YandexMapKitRouteTests-Info.plist */ = {isa = PBXFileReference; lastKnownFileType = text.plist.xml; path = "YandexMapKitRouteTests-Info.plist"; sourceTree = "<group>"; };
		4C3D44E11622F06D00321BA3 /* en */ = {isa = PBXFileReference; lastKnownFileType = text.plist.strings; name = en; path = en.lproj/InfoPlist.strings; sourceTree = "<group>"; };
		4C3D44E31622F06D00321BA3 /* YandexMapKitRouteTests.h */ = {isa = PBXFileReference; lastKnownFileType = sourcecode.c.h; path = YandexMapKitRouteTests.h; sourceTree = "<group>"; };
		4C3D44E41622F06D00321BA3 /* YandexMapKitRouteTests.m */ = {isa = PBXFileReference; lastKnownFileType = sourcecode.c.objc; path = YandexMapKitRouteTests.m; sourceTree = "<group>"; };
		4C4C4EF51622FE4A004CEBFC /* NSValue+YMKMapCoordinate.h */ = {isa = PBXFileReference; fileEncoding = 4; lastKnownFileType = sourcecode.c.h; name = "NSValue+YMKMapCoordinate.h"; path = "../../YandexMapKit/Headers/NSValue+YMKMapCoordinate.h"; sourceTree = "<group>"; };
		4C4C4EF61622FE4A004CEBFC /* YandexMapKit.h */ = {isa = PBXFileReference; fileEncoding = 4; lastKnownFileType = sourcecode.c.h; name = YandexMapKit.h; path = ../../YandexMapKit/Headers/YandexMapKit.h; sourceTree = "<group>"; };
		4C4C4EF71622FE4A004CEBFC /* YMKAnnotation.h */ = {isa = PBXFileReference; fileEncoding = 4; lastKnownFileType = sourcecode.c.h; name = YMKAnnotation.h; path = ../../YandexMapKit/Headers/YMKAnnotation.h; sourceTree = "<group>"; };
		4C4C4EF81622FE4A004CEBFC /* YMKAnnotationImage.h */ = {isa = PBXFileReference; fileEncoding = 4; lastKnownFileType = sourcecode.c.h; name = YMKAnnotationImage.h; path = ../../YandexMapKit/Headers/YMKAnnotationImage.h; sourceTree = "<group>"; };
		4C4C4EF91622FE4A004CEBFC /* YMKAnnotationView.h */ = {isa = PBXFileReference; fileEncoding = 4; lastKnownFileType = sourcecode.c.h; name = YMKAnnotationView.h; path = ../../YandexMapKit/Headers/YMKAnnotationView.h; sourceTree = "<group>"; };
		4C4C4EFA1622FE4A004CEBFC /* YMKCalloutContentView-Protocol.h */ = {isa = PBXFileReference; fileEncoding = 4; lastKnownFileType = sourcecode.c.h; name = "YMKCalloutContentView-Protocol.h"; path = "../../YandexMapKit/Headers/YMKCalloutContentView-Protocol.h"; sourceTree = "<group>"; };
		4C4C4EFB1622FE4A004CEBFC /* YMKCalloutView.h */ = {isa = PBXFileReference; fileEncoding = 4; lastKnownFileType = sourcecode.c.h; name = YMKCalloutView.h; path = ../../YandexMapKit/Headers/YMKCalloutView.h; sourceTree = "<group>"; };
		4C4C4EFC1622FE4A004CEBFC /* YMKConfiguration.h */ = {isa = PBXFileReference; fileEncoding = 4; lastKnownFileType = sourcecode.c.h; name = YMKConfiguration.h; path = ../../YandexMapKit/Headers/YMKConfiguration.h; sourceTree = "<group>"; };
		4C4C4EFD1622FE4A004CEBFC /* YMKConsoleLogging.h */ = {isa = PBXFileReference; fileEncoding = 4; lastKnownFileType = sourcecode.c.h; name = YMKConsoleLogging.h; path = ../../YandexMapKit/Headers/YMKConsoleLogging.h; sourceTree = "<group>"; };
		4C4C4EFE1622FE4A004CEBFC /* YMKDraggableAnnotation.h */ = {isa = PBXFileReference; fileEncoding = 4; lastKnownFileType = sourcecode.c.h; name = YMKDraggableAnnotation.h; path = ../../YandexMapKit/Headers/YMKDraggableAnnotation.h; sourceTree = "<group>"; };
		4C4C4EFF1622FE4A004CEBFC /* YMKDraggablePinAnnotationView.h */ = {isa = PBXFileReference; fileEncoding = 4; lastKnownFileType = sourcecode.c.h; name = YMKDraggablePinAnnotationView.h; path = ../../YandexMapKit/Headers/YMKDraggablePinAnnotationView.h; sourceTree = "<group>"; };
		4C4C4F001622FE4A004CEBFC /* YMKDraggablePinAnnotationViewDelegate+Protocol.h */ = {isa = PBXFileReference; fileEncoding = 4; lastKnownFileType = sourcecode.c.h; name = "YMKDraggablePinAnnotationViewDelegate+Protocol.h"; path = "../../YandexMapKit/Headers/YMKDraggablePinAnnotationViewDelegate+Protocol.h"; sourceTree = "<group>"; };
		4C4C4F011622FE4A004CEBFC /* YMKGeoObject.h */ = {isa = PBXFileReference; fileEncoding = 4; lastKnownFileType = sourcecode.c.h; name = YMKGeoObject.h; path = ../../YandexMapKit/Headers/YMKGeoObject.h; sourceTree = "<group>"; };
		4C4C4F021622FE4A004CEBFC /* YMKHostsConfiguration.h */ = {isa = PBXFileReference; fileEncoding = 4; lastKnownFileType = sourcecode.c.h; name = YMKHostsConfiguration.h; path = ../../YandexMapKit/Headers/YMKHostsConfiguration.h; sourceTree = "<group>"; };
		4C4C4F031622FE4A004CEBFC /* YMKLocationFetcher.h */ = {isa = PBXFileReference; fileEncoding = 4; lastKnownFileType = sourcecode.c.h; name = YMKLocationFetcher.h; path = ../../YandexMapKit/Headers/YMKLocationFetcher.h; sourceTree = "<group>"; };
		4C4C4F041622FE4A004CEBFC /* YMKMapImageBuilder.h */ = {isa = PBXFileReference; fileEncoding = 4; lastKnownFileType = sourcecode.c.h; name = YMKMapImageBuilder.h; path = ../../YandexMapKit/Headers/YMKMapImageBuilder.h; sourceTree = "<group>"; };
		4C4C4F051622FE4A004CEBFC /* YMKMapLayerInfo.h */ = {isa = PBXFileReference; fileEncoding = 4; lastKnownFileType = sourcecode.c.h; name = YMKMapLayerInfo.h; path = ../../YandexMapKit/Headers/YMKMapLayerInfo.h; sourceTree = "<group>"; };
		4C4C4F061622FE4A004CEBFC /* YMKMapLayersConfiguration.h */ = {isa = PBXFileReference; fileEncoding = 4; lastKnownFileType = sourcecode.c.h; name = YMKMapLayersConfiguration.h; path = ../../YandexMapKit/Headers/YMKMapLayersConfiguration.h; sourceTree = "<group>"; };
		4C4C4F071622FE4A004CEBFC /* YMKMapStructs.h */ = {isa = PBXFileReference; fileEncoding = 4; lastKnownFileType = sourcecode.c.h; name = YMKMapStructs.h; path = ../../YandexMapKit/Headers/YMKMapStructs.h; sourceTree = "<group>"; };
		4C4C4F081622FE4A004CEBFC /* YMKMapView.h */ = {isa = PBXFileReference; fileEncoding = 4; lastKnownFileType = sourcecode.c.h; name = YMKMapView.h; path = ../../YandexMapKit/Headers/YMKMapView.h; sourceTree = "<group>"; };
		4C4C4F091622FE4A004CEBFC /* YMKMapViewDelegate+Protocol.h */ = {isa = PBXFileReference; fileEncoding = 4; lastKnownFileType = sourcecode.c.h; name = "YMKMapViewDelegate+Protocol.h"; path = "../../YandexMapKit/Headers/YMKMapViewDelegate+Protocol.h"; sourceTree = "<group>"; };
		4C4C4F0A1622FE4A004CEBFC /* YMKPinAnnotationView.h */ = {isa = PBXFileReference; fileEncoding = 4; lastKnownFileType = sourcecode.c.h; name = YMKPinAnnotationView.h; path = ../../YandexMapKit/Headers/YMKPinAnnotationView.h; sourceTree = "<group>"; };
		4C4C4F0B1622FE4A004CEBFC /* YMKRuler.h */ = {isa = PBXFileReference; fileEncoding = 4; lastKnownFileType = sourcecode.c.h; name = YMKRuler.h; path = ../../YandexMapKit/Headers/YMKRuler.h; sourceTree = "<group>"; };
		4C4C4F0C1622FE4A004CEBFC /* YMKTrafficInformer.h */ = {isa = PBXFileReference; fileEncoding = 4; lastKnownFileType = sourcecode.c.h; name = YMKTrafficInformer.h; path = ../../YandexMapKit/Headers/YMKTrafficInformer.h; sourceTree = "<group>"; };
		4C4C4F0D1622FE4A004CEBFC /* YMKUserLocation.h */ = {isa = PBXFileReference; fileEncoding = 4; lastKnownFileType = sourcecode.c.h; name = YMKUserLocation.h; path = ../../YandexMapKit/Headers/YMKUserLocation.h; sourceTree = "<group>"; };
		4C4C4F0E1622FE4A004CEBFC /* YMKVersion.h */ = {isa = PBXFileReference; fileEncoding = 4; lastKnownFileType = sourcecode.c.h; name = YMKVersion.h; path = ../../YandexMapKit/Headers/YMKVersion.h; sourceTree = "<group>"; };
		4C4C4F101622FF19004CEBFC /* UIKit.framework */ = {isa = PBXFileReference; lastKnownFileType = wrapper.framework; name = UIKit.framework; path = System/Library/Frameworks/UIKit.framework; sourceTree = SDKROOT; };
		4C5FE383162580F400028E1B /* YandexMapKitRouteDelegate.h */ = {isa = PBXFileReference; fileEncoding = 4; lastKnownFileType = sourcecode.c.h; path = YandexMapKitRouteDelegate.h; sourceTree = "<group>"; };
		4C5FE384162580F400028E1B /* YandexMapKitRouteDelegate.m */ = {isa = PBXFileReference; fileEncoding = 4; lastKnownFileType = sourcecode.c.objc; path = YandexMapKitRouteDelegate.m; sourceTree = "<group>"; };
		4C6C7DD4162D840B00B1A534 /* NSObject+SBJson.h */ = {isa = PBXFileReference; fileEncoding = 4; lastKnownFileType = sourcecode.c.h; path = "NSObject+SBJson.h"; sourceTree = "<group>"; };
		4C6C7DD5162D840B00B1A534 /* NSObject+SBJson.m */ = {isa = PBXFileReference; fileEncoding = 4; lastKnownFileType = sourcecode.c.objc; path = "NSObject+SBJson.m"; sourceTree = "<group>"; };
		4C6C7DD6162D840B00B1A534 /* SBJson.h */ = {isa = PBXFileReference; fileEncoding = 4; lastKnownFileType = sourcecode.c.h; path = SBJson.h; sourceTree = "<group>"; };
		4C6C7DD7162D840B00B1A534 /* SBJsonParser.h */ = {isa = PBXFileReference; fileEncoding = 4; lastKnownFileType = sourcecode.c.h; path = SBJsonParser.h; sourceTree = "<group>"; };
		4C6C7DD8162D840B00B1A534 /* SBJsonParser.m */ = {isa = PBXFileReference; fileEncoding = 4; lastKnownFileType = sourcecode.c.objc; path = SBJsonParser.m; sourceTree = "<group>"; };
		4C6C7DD9162D840B00B1A534 /* SBJsonStreamParser.h */ = {isa = PBXFileReference; fileEncoding = 4; lastKnownFileType = sourcecode.c.h; path = SBJsonStreamParser.h; sourceTree = "<group>"; };
		4C6C7DDA162D840B00B1A534 /* SBJsonStreamParser.m */ = {isa = PBXFileReference; fileEncoding = 4; lastKnownFileType = sourcecode.c.objc; path = SBJsonStreamParser.m; sourceTree = "<group>"; };
		4C6C7DDB162D840B00B1A534 /* SBJsonStreamParserAccumulator.h */ = {isa = PBXFileReference; fileEncoding = 4; lastKnownFileType = sourcecode.c.h; path = SBJsonStreamParserAccumulator.h; sourceTree = "<group>"; };
		4C6C7DDC162D840B00B1A534 /* SBJsonStreamParserAccumulator.m */ = {isa = PBXFileReference; fileEncoding = 4; lastKnownFileType = sourcecode.c.objc; path = SBJsonStreamParserAccumulator.m; sourceTree = "<group>"; };
		4C6C7DDD162D840B00B1A534 /* SBJsonStreamParserAdapter.h */ = {isa = PBXFileReference; fileEncoding = 4; lastKnownFileType = sourcecode.c.h; path = SBJsonStreamParserAdapter.h; sourceTree = "<group>"; };
		4C6C7DDE162D840B00B1A534 /* SBJsonStreamParserAdapter.m */ = {isa = PBXFileReference; fileEncoding = 4; lastKnownFileType = sourcecode.c.objc; path = SBJsonStreamParserAdapter.m; sourceTree = "<group>"; };
		4C6C7DDF162D840B00B1A534 /* SBJsonStreamParserState.h */ = {isa = PBXFileReference; fileEncoding = 4; lastKnownFileType = sourcecode.c.h; path = SBJsonStreamParserState.h; sourceTree = "<group>"; };
		4C6C7DE0162D840B00B1A534 /* SBJsonStreamParserState.m */ = {isa = PBXFileReference; fileEncoding = 4; lastKnownFileType = sourcecode.c.objc; path = SBJsonStreamParserState.m; sourceTree = "<group>"; };
		4C6C7DE1162D840B00B1A534 /* SBJsonStreamWriter.h */ = {isa = PBXFileReference; fileEncoding = 4; lastKnownFileType = sourcecode.c.h; path = SBJsonStreamWriter.h; sourceTree = "<group>"; };
		4C6C7DE2162D840B00B1A534 /* SBJsonStreamWriter.m */ = {isa = PBXFileReference; fileEncoding = 4; lastKnownFileType = sourcecode.c.objc; path = SBJsonStreamWriter.m; sourceTree = "<group>"; };
		4C6C7DE3162D840B00B1A534 /* SBJsonStreamWriterAccumulator.h */ = {isa = PBXFileReference; fileEncoding = 4; lastKnownFileType = sourcecode.c.h; path = SBJsonStreamWriterAccumulator.h; sourceTree = "<group>"; };
		4C6C7DE4162D840B00B1A534 /* SBJsonStreamWriterAccumulator.m */ = {isa = PBXFileReference; fileEncoding = 4; lastKnownFileType = sourcecode.c.objc; path = SBJsonStreamWriterAccumulator.m; sourceTree = "<group>"; };
		4C6C7DE5162D840B00B1A534 /* SBJsonStreamWriterState.h */ = {isa = PBXFileReference; fileEncoding = 4; lastKnownFileType = sourcecode.c.h; path = SBJsonStreamWriterState.h; sourceTree = "<group>"; };
		4C6C7DE6162D840B00B1A534 /* SBJsonStreamWriterState.m */ = {isa = PBXFileReference; fileEncoding = 4; lastKnownFileType = sourcecode.c.objc; path = SBJsonStreamWriterState.m; sourceTree = "<group>"; };
		4C6C7DE7162D840B00B1A534 /* SBJsonTokeniser.h */ = {isa = PBXFileReference; fileEncoding = 4; lastKnownFileType = sourcecode.c.h; path = SBJsonTokeniser.h; sourceTree = "<group>"; };
		4C6C7DE8162D840B00B1A534 /* SBJsonTokeniser.m */ = {isa = PBXFileReference; fileEncoding = 4; lastKnownFileType = sourcecode.c.objc; path = SBJsonTokeniser.m; sourceTree = "<group>"; };
		4C6C7DE9162D840B00B1A534 /* SBJsonUTF8Stream.h */ = {isa = PBXFileReference; fileEncoding = 4; lastKnownFileType = sourcecode.c.h; path = SBJsonUTF8Stream.h; sourceTree = "<group>"; };
		4C6C7DEA162D840B00B1A534 /* SBJsonUTF8Stream.m */ = {isa = PBXFileReference; fileEncoding = 4; lastKnownFileType = sourcecode.c.objc; path = SBJsonUTF8Stream.m; sourceTree = "<group>"; };
		4C6C7DEB162D840B00B1A534 /* SBJsonWriter.h */ = {isa = PBXFileReference; fileEncoding = 4; lastKnownFileType = sourcecode.c.h; path = SBJsonWriter.h; sourceTree = "<group>"; };
		4C6C7DEC162D840B00B1A534 /* SBJsonWriter.m */ = {isa = PBXFileReference; fileEncoding = 4; lastKnownFileType = sourcecode.c.objc; path = SBJsonWriter.m; sourceTree = "<group>"; };
		4C74249C162308BA00AAF6C7 /* YandexBase64.m */ = {isa = PBXFileReference; fileEncoding = 4; lastKnownFileType = sourcecode.c.objc; name = YandexBase64.m; path = YandexMapKitRoute/YandexBase64.m; sourceTree = SOURCE_ROOT; };
		4C74249D162308BA00AAF6C7 /* YandexBase64.h */ = {isa = PBXFileReference; fileEncoding = 4; lastKnownFileType = sourcecode.c.h; name = YandexBase64.h; path = YandexMapKitRoute/YandexBase64.h; sourceTree = SOURCE_ROOT; };
		4C9B5E1216271A7A00EB2B1C /* README.md */ = {isa = PBXFileReference; lastKnownFileType = text; path = README.md; sourceTree = "<group>"; };
/* End PBXFileReference section */

/* Begin PBXFrameworksBuildPhase section */
		4C3D44C01622F06D00321BA3 /* Frameworks */ = {
			isa = PBXFrameworksBuildPhase;
			buildActionMask = 2147483647;
			files = (
				4C3D44C71622F06D00321BA3 /* Foundation.framework in Frameworks */,
				4C4C4F111622FF19004CEBFC /* UIKit.framework in Frameworks */,
			);
			runOnlyForDeploymentPostprocessing = 0;
		};
		4C3D44D01622F06D00321BA3 /* Frameworks */ = {
			isa = PBXFrameworksBuildPhase;
			buildActionMask = 2147483647;
			files = (
				4C3D44D61622F06D00321BA3 /* SenTestingKit.framework in Frameworks */,
				4C3D44D91622F06D00321BA3 /* Foundation.framework in Frameworks */,
				4C3D44DC1622F06D00321BA3 /* libYandexMapKitRoute.a in Frameworks */,
				4C2F1B3A1624102000F8ADA4 /* UIKit.framework in Frameworks */,
			);
			runOnlyForDeploymentPostprocessing = 0;
		};
/* End PBXFrameworksBuildPhase section */

/* Begin PBXGroup section */
		4C3D44B81622F06D00321BA3 = {
			isa = PBXGroup;
			children = (
				4C9B5E1216271A7A00EB2B1C /* README.md */,
				4C4C4ECD1622F24E004CEBFC /* YandexMapKit */,
				4C3D44C81622F06D00321BA3 /* YandexMapKitRoute */,
				4C3D44DD1622F06D00321BA3 /* YandexMapKitRouteTests */,
				4C3D44C51622F06D00321BA3 /* Frameworks */,
				4C3D44C41622F06D00321BA3 /* Products */,
				403141CD2ADB7DB0EDC1C717 /* .gitignore */,
			);
			sourceTree = "<group>";
		};
		4C3D44C41622F06D00321BA3 /* Products */ = {
			isa = PBXGroup;
			children = (
				4C3D44C31622F06D00321BA3 /* libYandexMapKitRoute.a */,
				4C3D44D41622F06D00321BA3 /* YandexMapKitRouteTests.octest */,
			);
			name = Products;
			sourceTree = "<group>";
		};
		4C3D44C51622F06D00321BA3 /* Frameworks */ = {
			isa = PBXGroup;
			children = (
				4C4C4F101622FF19004CEBFC /* UIKit.framework */,
				4C3D44C61622F06D00321BA3 /* Foundation.framework */,
				4C3D44D51622F06D00321BA3 /* SenTestingKit.framework */,
			);
			name = Frameworks;
			sourceTree = "<group>";
		};
		4C3D44C81622F06D00321BA3 /* YandexMapKitRoute */ = {
			isa = PBXGroup;
			children = (
				4C74249C162308BA00AAF6C7 /* YandexBase64.m */,
				4C74249D162308BA00AAF6C7 /* YandexBase64.h */,
				4C3D44CB1622F06D00321BA3 /* YandexMapKitRoute.h */,
				4C3D44CD1622F06D00321BA3 /* YandexMapKitRoute.m */,
				4C3D44C91622F06D00321BA3 /* Supporting Files */,
				4C5FE383162580F400028E1B /* YandexMapKitRouteDelegate.h */,
				4C5FE384162580F400028E1B /* YandexMapKitRouteDelegate.m */,
			);
			path = YandexMapKitRoute;
			sourceTree = "<group>";
		};
		4C3D44C91622F06D00321BA3 /* Supporting Files */ = {
			isa = PBXGroup;
			children = (
				4C3D44CA1622F06D00321BA3 /* YandexMapKitRoute-Prefix.pch */,
			);
			name = "Supporting Files";
			sourceTree = "<group>";
		};
		4C3D44DD1622F06D00321BA3 /* YandexMapKitRouteTests */ = {
			isa = PBXGroup;
			children = (
				4C3D44E31622F06D00321BA3 /* YandexMapKitRouteTests.h */,
				4C3D44E41622F06D00321BA3 /* YandexMapKitRouteTests.m */,
				4C3D44DE1622F06D00321BA3 /* Supporting Files */,
			);
			path = YandexMapKitRouteTests;
			sourceTree = "<group>";
		};
		4C3D44DE1622F06D00321BA3 /* Supporting Files */ = {
			isa = PBXGroup;
			children = (
				4C3D44DF1622F06D00321BA3 /* YandexMapKitRouteTests-Info.plist */,
				4C3D44E01622F06D00321BA3 /* InfoPlist.strings */,
			);
			name = "Supporting Files";
			sourceTree = "<group>";
		};
		4C4C4ECD1622F24E004CEBFC /* YandexMapKit */ = {
			isa = PBXGroup;
			children = (
				4C4C4EF41622FE3B004CEBFC /* Headers */,
			);
			name = YandexMapKit;
			sourceTree = "<group>";
		};
		4C4C4EF41622FE3B004CEBFC /* Headers */ = {
			isa = PBXGroup;
			children = (
				4C4C4EF51622FE4A004CEBFC /* NSValue+YMKMapCoordinate.h */,
				4C4C4EF61622FE4A004CEBFC /* YandexMapKit.h */,
				4C4C4EF71622FE4A004CEBFC /* YMKAnnotation.h */,
				4C4C4EF81622FE4A004CEBFC /* YMKAnnotationImage.h */,
				4C4C4EF91622FE4A004CEBFC /* YMKAnnotationView.h */,
				4C4C4EFA1622FE4A004CEBFC /* YMKCalloutContentView-Protocol.h */,
				4C4C4EFB1622FE4A004CEBFC /* YMKCalloutView.h */,
				4C4C4EFC1622FE4A004CEBFC /* YMKConfiguration.h */,
				4C4C4EFD1622FE4A004CEBFC /* YMKConsoleLogging.h */,
				4C4C4EFE1622FE4A004CEBFC /* YMKDraggableAnnotation.h */,
				4C4C4EFF1622FE4A004CEBFC /* YMKDraggablePinAnnotationView.h */,
				4C4C4F001622FE4A004CEBFC /* YMKDraggablePinAnnotationViewDelegate+Protocol.h */,
				4C4C4F011622FE4A004CEBFC /* YMKGeoObject.h */,
				4C4C4F021622FE4A004CEBFC /* YMKHostsConfiguration.h */,
				4C4C4F031622FE4A004CEBFC /* YMKLocationFetcher.h */,
				4C4C4F041622FE4A004CEBFC /* YMKMapImageBuilder.h */,
				4C4C4F051622FE4A004CEBFC /* YMKMapLayerInfo.h */,
				4C4C4F061622FE4A004CEBFC /* YMKMapLayersConfiguration.h */,
				4C4C4F071622FE4A004CEBFC /* YMKMapStructs.h */,
				4C4C4F081622FE4A004CEBFC /* YMKMapView.h */,
				4C4C4F091622FE4A004CEBFC /* YMKMapViewDelegate+Protocol.h */,
				4C4C4F0A1622FE4A004CEBFC /* YMKPinAnnotationView.h */,
				4C4C4F0B1622FE4A004CEBFC /* YMKRuler.h */,
				4C4C4F0C1622FE4A004CEBFC /* YMKTrafficInformer.h */,
				4C4C4F0D1622FE4A004CEBFC /* YMKUserLocation.h */,
				4C4C4F0E1622FE4A004CEBFC /* YMKVersion.h */,
			);
			name = Headers;
			sourceTree = "<group>";
		};
/* End PBXGroup section */

/* Begin PBXNativeTarget section */
		4C3D44C21622F06D00321BA3 /* YandexMapKitRoute */ = {
			isa = PBXNativeTarget;
			buildConfigurationList = 4C3D44E81622F06D00321BA3 /* Build configuration list for PBXNativeTarget "YandexMapKitRoute" */;
			buildPhases = (
				4C3D44BF1622F06D00321BA3 /* Sources */,
				4C3D44C01622F06D00321BA3 /* Frameworks */,
				4C3D44C11622F06D00321BA3 /* CopyFiles */,
			);
			buildRules = (
			);
			dependencies = (
			);
			name = YandexMapKitRoute;
			productName = YandexMapKitRoute;
			productReference = 4C3D44C31622F06D00321BA3 /* libYandexMapKitRoute.a */;
			productType = "com.apple.product-type.library.static";
		};
		4C3D44D31622F06D00321BA3 /* YandexMapKitRouteTests */ = {
			isa = PBXNativeTarget;
			buildConfigurationList = 4C3D44EB1622F06D00321BA3 /* Build configuration list for PBXNativeTarget "YandexMapKitRouteTests" */;
			buildPhases = (
				4C3D44CF1622F06D00321BA3 /* Sources */,
				4C3D44D01622F06D00321BA3 /* Frameworks */,
				4C3D44D11622F06D00321BA3 /* Resources */,
				4C3D44D21622F06D00321BA3 /* ShellScript */,
			);
			buildRules = (
			);
			dependencies = (
				4C3D44DB1622F06D00321BA3 /* PBXTargetDependency */,
			);
			name = YandexMapKitRouteTests;
			productName = YandexMapKitRouteTests;
			productReference = 4C3D44D41622F06D00321BA3 /* YandexMapKitRouteTests.octest */;
			productType = "com.apple.product-type.bundle";
		};
/* End PBXNativeTarget section */

/* Begin PBXProject section */
		4C3D44BA1622F06D00321BA3 /* Project object */ = {
			isa = PBXProject;
			attributes = {
				LastUpgradeCheck = 0450;
				ORGANIZATIONNAME = "Eugen Antropov";
			};
			buildConfigurationList = 4C3D44BD1622F06D00321BA3 /* Build configuration list for PBXProject "YandexMapKitRoute" */;
			compatibilityVersion = "Xcode 3.2";
			developmentRegion = English;
			hasScannedForEncodings = 0;
			knownRegions = (
				en,
			);
			mainGroup = 4C3D44B81622F06D00321BA3;
			productRefGroup = 4C3D44C41622F06D00321BA3 /* Products */;
			projectDirPath = "";
			projectRoot = "";
			targets = (
				4C3D44C21622F06D00321BA3 /* YandexMapKitRoute */,
				4C3D44D31622F06D00321BA3 /* YandexMapKitRouteTests */,
			);
		};
/* End PBXProject section */

/* Begin PBXResourcesBuildPhase section */
		4C3D44D11622F06D00321BA3 /* Resources */ = {
			isa = PBXResourcesBuildPhase;
			buildActionMask = 2147483647;
			files = (
				4C3D44E21622F06D00321BA3 /* InfoPlist.strings in Resources */,
			);
			runOnlyForDeploymentPostprocessing = 0;
		};
/* End PBXResourcesBuildPhase section */

/* Begin PBXShellScriptBuildPhase section */
		4C3D44D21622F06D00321BA3 /* ShellScript */ = {
			isa = PBXShellScriptBuildPhase;
			buildActionMask = 2147483647;
			files = (
			);
			inputPaths = (
			);
			outputPaths = (
			);
			runOnlyForDeploymentPostprocessing = 0;
			shellPath = /bin/sh;
			shellScript = "# Run the unit tests in this test bundle.\n\"${SYSTEM_DEVELOPER_DIR}/Tools/RunUnitTests\"\n";
		};
/* End PBXShellScriptBuildPhase section */

/* Begin PBXSourcesBuildPhase section */
		4C3D44BF1622F06D00321BA3 /* Sources */ = {
			isa = PBXSourcesBuildPhase;
			buildActionMask = 2147483647;
			files = (
				4C3D44CE1622F06D00321BA3 /* YandexMapKitRoute.m in Sources */,
				4C5FE385162580F500028E1B /* YandexMapKitRouteDelegate.m in Sources */,
				4C5FE38D162587C800028E1B /* YandexBase64.m in Sources */,
			);
			runOnlyForDeploymentPostprocessing = 0;
		};
		4C3D44CF1622F06D00321BA3 /* Sources */ = {
			isa = PBXSourcesBuildPhase;
			buildActionMask = 2147483647;
			files = (
				4C3D44E51622F06D00321BA3 /* YandexMapKitRouteTests.m in Sources */,
			);
			runOnlyForDeploymentPostprocessing = 0;
		};
/* End PBXSourcesBuildPhase section */

/* Begin PBXTargetDependency section */
		4C3D44DB1622F06D00321BA3 /* PBXTargetDependency */ = {
			isa = PBXTargetDependency;
			target = 4C3D44C21622F06D00321BA3 /* YandexMapKitRoute */;
			targetProxy = 4C3D44DA1622F06D00321BA3 /* PBXContainerItemProxy */;
		};
/* End PBXTargetDependency section */

/* Begin PBXVariantGroup section */
		4C3D44E01622F06D00321BA3 /* InfoPlist.strings */ = {
			isa = PBXVariantGroup;
			children = (
				4C3D44E11622F06D00321BA3 /* en */,
			);
			name = InfoPlist.strings;
			sourceTree = "<group>";
		};
/* End PBXVariantGroup section */

/* Begin XCBuildConfiguration section */
		4C3D44E61622F06D00321BA3 /* Debug */ = {
			isa = XCBuildConfiguration;
			buildSettings = {
				ALWAYS_SEARCH_USER_PATHS = NO;
				CLANG_CXX_LANGUAGE_STANDARD = "gnu++0x";
				CLANG_CXX_LIBRARY = "libc++";
				CLANG_ENABLE_OBJC_ARC = YES;
				CLANG_WARN_EMPTY_BODY = YES;
				CLANG_WARN__DUPLICATE_METHOD_MATCH = YES;
				COPY_PHASE_STRIP = NO;
				GCC_C_LANGUAGE_STANDARD = gnu99;
				GCC_DYNAMIC_NO_PIC = NO;
				GCC_OPTIMIZATION_LEVEL = 0;
				GCC_PREPROCESSOR_DEFINITIONS = (
					"DEBUG=1",
					"$(inherited)",
				);
				GCC_SYMBOLS_PRIVATE_EXTERN = NO;
				GCC_WARN_ABOUT_RETURN_TYPE = YES;
				GCC_WARN_UNINITIALIZED_AUTOS = YES;
				GCC_WARN_UNUSED_VARIABLE = YES;
				IPHONEOS_DEPLOYMENT_TARGET = 4.3;
				SDKROOT = iphoneos;
			};
			name = Debug;
		};
		4C3D44E71622F06D00321BA3 /* Release */ = {
			isa = XCBuildConfiguration;
			buildSettings = {
				ALWAYS_SEARCH_USER_PATHS = NO;
				CLANG_CXX_LANGUAGE_STANDARD = "gnu++0x";
				CLANG_CXX_LIBRARY = "libc++";
				CLANG_ENABLE_OBJC_ARC = YES;
				CLANG_WARN_EMPTY_BODY = YES;
				CLANG_WARN__DUPLICATE_METHOD_MATCH = YES;
				COPY_PHASE_STRIP = YES;
				GCC_C_LANGUAGE_STANDARD = gnu99;
				GCC_WARN_ABOUT_RETURN_TYPE = YES;
				GCC_WARN_UNINITIALIZED_AUTOS = YES;
				GCC_WARN_UNUSED_VARIABLE = YES;
				IPHONEOS_DEPLOYMENT_TARGET = 4.3;
				SDKROOT = iphoneos;
				VALIDATE_PRODUCT = YES;
			};
			name = Release;
		};
		4C3D44E91622F06D00321BA3 /* Debug */ = {
			isa = XCBuildConfiguration;
			buildSettings = {
				DSTROOT = /tmp/YandexMapKitRoute.dst;
				FRAMEWORK_SEARCH_PATHS = (
					"$(inherited)",
					"\"$(SYSTEM_APPS_DIR)/Xcode.app/Contents/Developer/Library/Frameworks\"",
				);
				GCC_PRECOMPILE_PREFIX_HEADER = YES;
				GCC_PREFIX_HEADER = "YandexMapKitRoute/YandexMapKitRoute-Prefix.pch";
				LIBRARY_SEARCH_PATHS = (
					"$(inherited)",
					"\"$(SRCROOT)/../../YandexMapKit\"",
				);
				OTHER_LDFLAGS = "-ObjC";
				PRODUCT_NAME = "$(TARGET_NAME)";
				SCAN_ALL_SOURCE_FILES_FOR_INCLUDES = YES;
				SKIP_INSTALL = YES;
				USER_HEADER_SEARCH_PATHS = "";
			};
			name = Debug;
		};
		4C3D44EA1622F06D00321BA3 /* Release */ = {
			isa = XCBuildConfiguration;
			buildSettings = {
				DSTROOT = /tmp/YandexMapKitRoute.dst;
				FRAMEWORK_SEARCH_PATHS = (
					"$(inherited)",
					"\"$(SYSTEM_APPS_DIR)/Xcode.app/Contents/Developer/Library/Frameworks\"",
				);
				GCC_PRECOMPILE_PREFIX_HEADER = YES;
				GCC_PREFIX_HEADER = "YandexMapKitRoute/YandexMapKitRoute-Prefix.pch";
				LIBRARY_SEARCH_PATHS = (
					"$(inherited)",
					"\"$(SRCROOT)/../../YandexMapKit\"",
				);
				OTHER_LDFLAGS = "-ObjC";
				PRODUCT_NAME = "$(TARGET_NAME)";
				SCAN_ALL_SOURCE_FILES_FOR_INCLUDES = YES;
				SKIP_INSTALL = YES;
				USER_HEADER_SEARCH_PATHS = "";
			};
			name = Release;
		};
		4C3D44EC1622F06D00321BA3 /* Debug */ = {
			isa = XCBuildConfiguration;
			buildSettings = {
				FRAMEWORK_SEARCH_PATHS = (
					"\"$(SDKROOT)/Developer/Library/Frameworks\"",
					"\"$(DEVELOPER_LIBRARY_DIR)/Frameworks\"",
				);
				GCC_PRECOMPILE_PREFIX_HEADER = YES;
				GCC_PREFIX_HEADER = "YandexMapKitRoute/YandexMapKitRoute-Prefix.pch";
				INFOPLIST_FILE = "YandexMapKitRouteTests/YandexMapKitRouteTests-Info.plist";
				PRODUCT_NAME = "$(TARGET_NAME)";
				WRAPPER_EXTENSION = octest;
			};
			name = Debug;
		};
		4C3D44ED1622F06D00321BA3 /* Release */ = {
			isa = XCBuildConfiguration;
			buildSettings = {
				FRAMEWORK_SEARCH_PATHS = (
					"\"$(SDKROOT)/Developer/Library/Frameworks\"",
					"\"$(DEVELOPER_LIBRARY_DIR)/Frameworks\"",
				);
				GCC_PRECOMPILE_PREFIX_HEADER = YES;
				GCC_PREFIX_HEADER = "YandexMapKitRoute/YandexMapKitRoute-Prefix.pch";
				INFOPLIST_FILE = "YandexMapKitRouteTests/YandexMapKitRouteTests-Info.plist";
				PRODUCT_NAME = "$(TARGET_NAME)";
				WRAPPER_EXTENSION = octest;
			};
			name = Release;
		};
/* End XCBuildConfiguration section */

/* Begin XCConfigurationList section */
		4C3D44BD1622F06D00321BA3 /* Build configuration list for PBXProject "YandexMapKitRoute" */ = {
			isa = XCConfigurationList;
			buildConfigurations = (
				4C3D44E61622F06D00321BA3 /* Debug */,
				4C3D44E71622F06D00321BA3 /* Release */,
			);
			defaultConfigurationIsVisible = 0;
			defaultConfigurationName = Release;
		};
		4C3D44E81622F06D00321BA3 /* Build configuration list for PBXNativeTarget "YandexMapKitRoute" */ = {
			isa = XCConfigurationList;
			buildConfigurations = (
				4C3D44E91622F06D00321BA3 /* Debug */,
				4C3D44EA1622F06D00321BA3 /* Release */,
			);
			defaultConfigurationIsVisible = 0;
			defaultConfigurationName = Release;
		};
		4C3D44EB1622F06D00321BA3 /* Build configuration list for PBXNativeTarget "YandexMapKitRouteTests" */ = {
			isa = XCConfigurationList;
			buildConfigurations = (
				4C3D44EC1622F06D00321BA3 /* Debug */,
				4C3D44ED1622F06D00321BA3 /* Release */,
			);
			defaultConfigurationIsVisible = 0;
			defaultConfigurationName = Release;
		};
/* End XCConfigurationList section */
	};
	rootObject = 4C3D44BA1622F06D00321BA3 /* Project object */;
}
